
Microsoft Visual Studio Solution File, Format Version 12.00
# Visual Studio Version 17
VisualStudioVersion = 17.9.34728.123
MinimumVisualStudioVersion = 10.0.40219.1
Project("{FAE04EC0-301F-11D3-BF4B-00C04F79EFBC}") = "ifnesle11341", "ifnesle11341\ifnesle11341.csproj", "{B993ADBE-97D2-4871-A78D-4A00D01743F6}"
EndProject
Global
	GlobalSection(SolutionConfigurationPlatforms) = preSolution
		Debug|Any CPU = Debug|Any CPU
		Release|Any CPU = Release|Any CPU
	EndGlobalSection
	GlobalSection(ProjectConfigurationPlatforms) = postSolution
		{B993ADBE-97D2-4871-A78D-4A00D01743F6}.Debug|Any CPU.ActiveCfg = Debug|Any CPU
		{B993ADBE-97D2-4871-A78D-4A00D01743F6}.Debug|Any CPU.Build.0 = Debug|Any CPU
		{B993ADBE-97D2-4871-A78D-4A00D01743F6}.Release|Any CPU.ActiveCfg = Release|Any CPU
		{B993ADBE-97D2-4871-A78D-4A00D01743F6}.Release|Any CPU.Build.0 = Release|Any CPU
	EndGlobalSection
	GlobalSection(SolutionProperties) = preSolution
		HideSolutionNode = FALSE
	EndGlobalSection
	GlobalSection(ExtensibilityGlobals) = postSolution
		SolutionGuid = {6F38B290-8661-4DA4-B719-E1DCD8053515}
	EndGlobalSection
EndGlobal
